
Microsoft Visual Studio Solution File, Format Version 12.00
# Visual Studio 14
VisualStudioVersion = 14.0.25420.1
MinimumVisualStudioVersion = 10.0.40219.1
Project("{8BC9CEB8-8B4A-11D0-8D11-00A0C91BC942}") = "AStar_Algorithm", "AStar_Algorithm.vcxproj", "{78626C82-8941-4E05-ADB7-5A7E3BC26D1B}"
	ProjectSection(ProjectDependencies) = postProject
		{3428B225-AB6C-4D01-B5AA-CDDF9700D8DA} = {3428B225-AB6C-4D01-B5AA-CDDF9700D8DA}
		{86B9F234-94DE-4B24-9601-F994C7694194} = {86B9F234-94DE-4B24-9601-F994C7694194}
		{D1A5A073-0774-4A54-9C5C-C59FACF36A55} = {D1A5A073-0774-4A54-9C5C-C59FACF36A55}
		{C66B247D-04D0-49CB-B9A1-F0370E51A669} = {C66B247D-04D0-49CB-B9A1-F0370E51A669}
		{FEC11094-3849-4FC6-AB66-5EAD00EFE84A} = {FEC11094-3849-4FC6-AB66-5EAD00EFE84A}
		{7B43CC99-C3A5-44E5-8CD1-720D04E6DEA4} = {7B43CC99-C3A5-44E5-8CD1-720D04E6DEA4}
		{7EF72F9D-7917-4952-90EA-E8B907F4CBA4} = {7EF72F9D-7917-4952-90EA-E8B907F4CBA4}
		{0A0FE7D1-25F1-4AF2-955F-96E16673E866} = {0A0FE7D1-25F1-4AF2-955F-96E16673E866}
		{7FA621E1-C9FE-44B2-AA62-C1E65075B8AE} = {7FA621E1-C9FE-44B2-AA62-C1E65075B8AE}
	EndProjectSection
EndProject
Project("{2150E333-8FDC-42A3-9474-1A3956D46DE8}") = "Game", "Game", "{386D2BA4-58A0-4ECC-AF46-11D63A2A18DA}"
EndProject
Project("{2150E333-8FDC-42A3-9474-1A3956D46DE8}") = "Engine", "Engine", "{0193EDE3-CCEB-4164-B3EE-087975239FDD}"
EndProject
Project("{8BC9CEB8-8B4A-11D0-8D11-00A0C91BC942}") = "Timing", "Code\Engine\Timing\Timing.vcxproj", "{86B9F234-94DE-4B24-9601-F994C7694194}"
	ProjectSection(ProjectDependencies) = postProject
		{FEC11094-3849-4FC6-AB66-5EAD00EFE84A} = {FEC11094-3849-4FC6-AB66-5EAD00EFE84A}
	EndProjectSection
EndProject
Project("{8BC9CEB8-8B4A-11D0-8D11-00A0C91BC942}") = "DebugFunctions", "Code\Engine\DebugFunctions\DebugFunctions.vcxproj", "{FEC11094-3849-4FC6-AB66-5EAD00EFE84A}"
EndProject
Project("{8BC9CEB8-8B4A-11D0-8D11-00A0C91BC942}") = "Sprite", "Code\Engine\Sprite\Sprite.vcxproj", "{0A0FE7D1-25F1-4AF2-955F-96E16673E866}"
	ProjectSection(ProjectDependencies) = postProject
		{3428B225-AB6C-4D01-B5AA-CDDF9700D8DA} = {3428B225-AB6C-4D01-B5AA-CDDF9700D8DA}
		{FEC11094-3849-4FC6-AB66-5EAD00EFE84A} = {FEC11094-3849-4FC6-AB66-5EAD00EFE84A}
	EndProjectSection
EndProject
Project("{8BC9CEB8-8B4A-11D0-8D11-00A0C91BC942}") = "Math", "Code\Engine\Math\Math.vcxproj", "{3428B225-AB6C-4D01-B5AA-CDDF9700D8DA}"
EndProject
Project("{8BC9CEB8-8B4A-11D0-8D11-00A0C91BC942}") = "Physics", "Code\Engine\Physics\Physics.vcxproj", "{C66B247D-04D0-49CB-B9A1-F0370E51A669}"
	ProjectSection(ProjectDependencies) = postProject
		{3428B225-AB6C-4D01-B5AA-CDDF9700D8DA} = {3428B225-AB6C-4D01-B5AA-CDDF9700D8DA}
	EndProjectSection
EndProject
Project("{8BC9CEB8-8B4A-11D0-8D11-00A0C91BC942}") = "GameObject", "Code\Engine\GameObject\GameObject.vcxproj", "{7B43CC99-C3A5-44E5-8CD1-720D04E6DEA4}"
	ProjectSection(ProjectDependencies) = postProject
		{0A0FE7D1-25F1-4AF2-955F-96E16673E866} = {0A0FE7D1-25F1-4AF2-955F-96E16673E866}
	EndProjectSection
EndProject
Project("{8BC9CEB8-8B4A-11D0-8D11-00A0C91BC942}") = "Windows", "Code\Engine\Windows\Windows.vcxproj", "{D1A5A073-0774-4A54-9C5C-C59FACF36A55}"
	ProjectSection(ProjectDependencies) = postProject
		{FEC11094-3849-4FC6-AB66-5EAD00EFE84A} = {FEC11094-3849-4FC6-AB66-5EAD00EFE84A}
	EndProjectSection
EndProject
Project("{8BC9CEB8-8B4A-11D0-8D11-00A0C91BC942}") = "UserInput", "Code\Engine\UserInput\UserInput.vcxproj", "{7FA621E1-C9FE-44B2-AA62-C1E65075B8AE}"
EndProject
Project("{8BC9CEB8-8B4A-11D0-8D11-00A0C91BC942}") = "Quadtree", "Code\Engine\Quadtree\Quadtree.vcxproj", "{7EF72F9D-7917-4952-90EA-E8B907F4CBA4}"
	ProjectSection(ProjectDependencies) = postProject
		{3428B225-AB6C-4D01-B5AA-CDDF9700D8DA} = {3428B225-AB6C-4D01-B5AA-CDDF9700D8DA}
		{FEC11094-3849-4FC6-AB66-5EAD00EFE84A} = {FEC11094-3849-4FC6-AB66-5EAD00EFE84A}
		{7B43CC99-C3A5-44E5-8CD1-720D04E6DEA4} = {7B43CC99-C3A5-44E5-8CD1-720D04E6DEA4}
	EndProjectSection
EndProject
Global
	GlobalSection(SolutionConfigurationPlatforms) = preSolution
		Debug|x64 = Debug|x64
		Debug|x86 = Debug|x86
		Release|x64 = Release|x64
		Release|x86 = Release|x86
	EndGlobalSection
	GlobalSection(ProjectConfigurationPlatforms) = postSolution
		{78626C82-8941-4E05-ADB7-5A7E3BC26D1B}.Debug|x64.ActiveCfg = Debug|x64
		{78626C82-8941-4E05-ADB7-5A7E3BC26D1B}.Debug|x64.Build.0 = Debug|x64
		{78626C82-8941-4E05-ADB7-5A7E3BC26D1B}.Debug|x86.ActiveCfg = Debug|Win32
		{78626C82-8941-4E05-ADB7-5A7E3BC26D1B}.Debug|x86.Build.0 = Debug|Win32
		{78626C82-8941-4E05-ADB7-5A7E3BC26D1B}.Release|x64.ActiveCfg = Release|x64
		{78626C82-8941-4E05-ADB7-5A7E3BC26D1B}.Release|x64.Build.0 = Release|x64
		{78626C82-8941-4E05-ADB7-5A7E3BC26D1B}.Release|x86.ActiveCfg = Release|Win32
		{78626C82-8941-4E05-ADB7-5A7E3BC26D1B}.Release|x86.Build.0 = Release|Win32
		{86B9F234-94DE-4B24-9601-F994C7694194}.Debug|x64.ActiveCfg = Debug|x64
		{86B9F234-94DE-4B24-9601-F994C7694194}.Debug|x64.Build.0 = Debug|x64
		{86B9F234-94DE-4B24-9601-F994C7694194}.Debug|x86.ActiveCfg = Debug|Win32
		{86B9F234-94DE-4B24-9601-F994C7694194}.Debug|x86.Build.0 = Debug|Win32
		{86B9F234-94DE-4B24-9601-F994C7694194}.Release|x64.ActiveCfg = Release|x64
		{86B9F234-94DE-4B24-9601-F994C7694194}.Release|x64.Build.0 = Release|x64
		{86B9F234-94DE-4B24-9601-F994C7694194}.Release|x86.ActiveCfg = Release|Win32
		{86B9F234-94DE-4B24-9601-F994C7694194}.Release|x86.Build.0 = Release|Win32
		{FEC11094-3849-4FC6-AB66-5EAD00EFE84A}.Debug|x64.ActiveCfg = Debug|x64
		{FEC11094-3849-4FC6-AB66-5EAD00EFE84A}.Debug|x64.Build.0 = Debug|x64
		{FEC11094-3849-4FC6-AB66-5EAD00EFE84A}.Debug|x86.ActiveCfg = Debug|Win32
		{FEC11094-3849-4FC6-AB66-5EAD00EFE84A}.Debug|x86.Build.0 = Debug|Win32
		{FEC11094-3849-4FC6-AB66-5EAD00EFE84A}.Release|x64.ActiveCfg = Release|x64
		{FEC11094-3849-4FC6-AB66-5EAD00EFE84A}.Release|x64.Build.0 = Release|x64
		{FEC11094-3849-4FC6-AB66-5EAD00EFE84A}.Release|x86.ActiveCfg = Release|Win32
		{FEC11094-3849-4FC6-AB66-5EAD00EFE84A}.Release|x86.Build.0 = Release|Win32
		{0A0FE7D1-25F1-4AF2-955F-96E16673E866}.Debug|x64.ActiveCfg = Debug|x64
		{0A0FE7D1-25F1-4AF2-955F-96E16673E866}.Debug|x64.Build.0 = Debug|x64
		{0A0FE7D1-25F1-4AF2-955F-96E16673E866}.Debug|x86.ActiveCfg = Debug|Win32
		{0A0FE7D1-25F1-4AF2-955F-96E16673E866}.Debug|x86.Build.0 = Debug|Win32
		{0A0FE7D1-25F1-4AF2-955F-96E16673E866}.Release|x64.ActiveCfg = Release|x64
		{0A0FE7D1-25F1-4AF2-955F-96E16673E866}.Release|x64.Build.0 = Release|x64
		{0A0FE7D1-25F1-4AF2-955F-96E16673E866}.Release|x86.ActiveCfg = Release|Win32
		{0A0FE7D1-25F1-4AF2-955F-96E16673E866}.Release|x86.Build.0 = Release|Win32
		{3428B225-AB6C-4D01-B5AA-CDDF9700D8DA}.Debug|x64.ActiveCfg = Debug|x64
		{3428B225-AB6C-4D01-B5AA-CDDF9700D8DA}.Debug|x64.Build.0 = Debug|x64
		{3428B225-AB6C-4D01-B5AA-CDDF9700D8DA}.Debug|x86.ActiveCfg = Debug|Win32
		{3428B225-AB6C-4D01-B5AA-CDDF9700D8DA}.Debug|x86.Build.0 = Debug|Win32
		{3428B225-AB6C-4D01-B5AA-CDDF9700D8DA}.Release|x64.ActiveCfg = Release|x64
		{3428B225-AB6C-4D01-B5AA-CDDF9700D8DA}.Release|x64.Build.0 = Release|x64
		{3428B225-AB6C-4D01-B5AA-CDDF9700D8DA}.Release|x86.ActiveCfg = Release|Win32
		{3428B225-AB6C-4D01-B5AA-CDDF9700D8DA}.Release|x86.Build.0 = Release|Win32
		{C66B247D-04D0-49CB-B9A1-F0370E51A669}.Debug|x64.ActiveCfg = Debug|x64
		{C66B247D-04D0-49CB-B9A1-F0370E51A669}.Debug|x64.Build.0 = Debug|x64
		{C66B247D-04D0-49CB-B9A1-F0370E51A669}.Debug|x86.ActiveCfg = Debug|Win32
		{C66B247D-04D0-49CB-B9A1-F0370E51A669}.Debug|x86.Build.0 = Debug|Win32
		{C66B247D-04D0-49CB-B9A1-F0370E51A669}.Release|x64.ActiveCfg = Release|x64
		{C66B247D-04D0-49CB-B9A1-F0370E51A669}.Release|x64.Build.0 = Release|x64
		{C66B247D-04D0-49CB-B9A1-F0370E51A669}.Release|x86.ActiveCfg = Release|Win32
		{C66B247D-04D0-49CB-B9A1-F0370E51A669}.Release|x86.Build.0 = Release|Win32
		{7B43CC99-C3A5-44E5-8CD1-720D04E6DEA4}.Debug|x64.ActiveCfg = Debug|x64
		{7B43CC99-C3A5-44E5-8CD1-720D04E6DEA4}.Debug|x64.Build.0 = Debug|x64
		{7B43CC99-C3A5-44E5-8CD1-720D04E6DEA4}.Debug|x86.ActiveCfg = Debug|Win32
		{7B43CC99-C3A5-44E5-8CD1-720D04E6DEA4}.Debug|x86.Build.0 = Debug|Win32
		{7B43CC99-C3A5-44E5-8CD1-720D04E6DEA4}.Release|x64.ActiveCfg = Release|x64
		{7B43CC99-C3A5-44E5-8CD1-720D04E6DEA4}.Release|x64.Build.0 = Release|x64
		{7B43CC99-C3A5-44E5-8CD1-720D04E6DEA4}.Release|x86.ActiveCfg = Release|Win32
		{7B43CC99-C3A5-44E5-8CD1-720D04E6DEA4}.Release|x86.Build.0 = Release|Win32
		{D1A5A073-0774-4A54-9C5C-C59FACF36A55}.Debug|x64.ActiveCfg = Debug|x64
		{D1A5A073-0774-4A54-9C5C-C59FACF36A55}.Debug|x64.Build.0 = Debug|x64
		{D1A5A073-0774-4A54-9C5C-C59FACF36A55}.Debug|x86.ActiveCfg = Debug|Win32
		{D1A5A073-0774-4A54-9C5C-C59FACF36A55}.Debug|x86.Build.0 = Debug|Win32
		{D1A5A073-0774-4A54-9C5C-C59FACF36A55}.Release|x64.ActiveCfg = Release|x64
		{D1A5A073-0774-4A54-9C5C-C59FACF36A55}.Release|x64.Build.0 = Release|x64
		{D1A5A073-0774-4A54-9C5C-C59FACF36A55}.Release|x86.ActiveCfg = Release|Win32
		{D1A5A073-0774-4A54-9C5C-C59FACF36A55}.Release|x86.Build.0 = Release|Win32
		{7FA621E1-C9FE-44B2-AA62-C1E65075B8AE}.Debug|x64.ActiveCfg = Debug|x64
		{7FA621E1-C9FE-44B2-AA62-C1E65075B8AE}.Debug|x64.Build.0 = Debug|x64
		{7FA621E1-C9FE-44B2-AA62-C1E65075B8AE}.Debug|x86.ActiveCfg = Debug|Win32
		{7FA621E1-C9FE-44B2-AA62-C1E65075B8AE}.Debug|x86.Build.0 = Debug|Win32
		{7FA621E1-C9FE-44B2-AA62-C1E65075B8AE}.Release|x64.ActiveCfg = Release|x64
		{7FA621E1-C9FE-44B2-AA62-C1E65075B8AE}.Release|x64.Build.0 = Release|x64
		{7FA621E1-C9FE-44B2-AA62-C1E65075B8AE}.Release|x86.ActiveCfg = Release|Win32
		{7FA621E1-C9FE-44B2-AA62-C1E65075B8AE}.Release|x86.Build.0 = Release|Win32
		{7EF72F9D-7917-4952-90EA-E8B907F4CBA4}.Debug|x64.ActiveCfg = Debug|x64
		{7EF72F9D-7917-4952-90EA-E8B907F4CBA4}.Debug|x64.Build.0 = Debug|x64
		{7EF72F9D-7917-4952-90EA-E8B907F4CBA4}.Debug|x86.ActiveCfg = Debug|Win32
		{7EF72F9D-7917-4952-90EA-E8B907F4CBA4}.Debug|x86.Build.0 = Debug|Win32
		{7EF72F9D-7917-4952-90EA-E8B907F4CBA4}.Release|x64.ActiveCfg = Release|x64
		{7EF72F9D-7917-4952-90EA-E8B907F4CBA4}.Release|x64.Build.0 = Release|x64
		{7EF72F9D-7917-4952-90EA-E8B907F4CBA4}.Release|x86.ActiveCfg = Release|Win32
		{7EF72F9D-7917-4952-90EA-E8B907F4CBA4}.Release|x86.Build.0 = Release|Win32
	EndGlobalSection
	GlobalSection(SolutionProperties) = preSolution
		HideSolutionNode = FALSE
	EndGlobalSection
	GlobalSection(NestedProjects) = preSolution
		{78626C82-8941-4E05-ADB7-5A7E3BC26D1B} = {386D2BA4-58A0-4ECC-AF46-11D63A2A18DA}
		{86B9F234-94DE-4B24-9601-F994C7694194} = {0193EDE3-CCEB-4164-B3EE-087975239FDD}
		{FEC11094-3849-4FC6-AB66-5EAD00EFE84A} = {0193EDE3-CCEB-4164-B3EE-087975239FDD}
		{0A0FE7D1-25F1-4AF2-955F-96E16673E866} = {0193EDE3-CCEB-4164-B3EE-087975239FDD}
		{3428B225-AB6C-4D01-B5AA-CDDF9700D8DA} = {0193EDE3-CCEB-4164-B3EE-087975239FDD}
		{C66B247D-04D0-49CB-B9A1-F0370E51A669} = {0193EDE3-CCEB-4164-B3EE-087975239FDD}
		{7B43CC99-C3A5-44E5-8CD1-720D04E6DEA4} = {0193EDE3-CCEB-4164-B3EE-087975239FDD}
		{D1A5A073-0774-4A54-9C5C-C59FACF36A55} = {0193EDE3-CCEB-4164-B3EE-087975239FDD}
		{7FA621E1-C9FE-44B2-AA62-C1E65075B8AE} = {0193EDE3-CCEB-4164-B3EE-087975239FDD}
		{7EF72F9D-7917-4952-90EA-E8B907F4CBA4} = {0193EDE3-CCEB-4164-B3EE-087975239FDD}
	EndGlobalSection
EndGlobal
